// !$*UTF8*$!
{
	archiveVersion = 1;
	classes = {
	};
	objectVersion = 56;
	objects = {

/* Begin PBXBuildFile section */
		733C287829FB237300B803FA /* StoreView.swift in Sources */ = {isa = PBXBuildFile; fileRef = 733C287729FB237300B803FA /* StoreView.swift */; };
		735EC3F529D4AB7300E508DD /* UnityApp.swift in Sources */ = {isa = PBXBuildFile; fileRef = 735EC3F429D4AB7300E508DD /* UnityApp.swift */; };
		735EC3F729D4AB7300E508DD /* ContentView.swift in Sources */ = {isa = PBXBuildFile; fileRef = 735EC3F629D4AB7300E508DD /* ContentView.swift */; };
		735EC3F929D4AB7500E508DD /* Assets.xcassets in Resources */ = {isa = PBXBuildFile; fileRef = 735EC3F829D4AB7500E508DD /* Assets.xcassets */; };
		735EC3FC29D4AB7500E508DD /* Preview Assets.xcassets in Resources */ = {isa = PBXBuildFile; fileRef = 735EC3FB29D4AB7500E508DD /* Preview Assets.xcassets */; };
		735EC40329D4CAEC00E508DD /* MapView.swift in Sources */ = {isa = PBXBuildFile; fileRef = 735EC40229D4CAEC00E508DD /* MapView.swift */; };
		735EC40529D4CB6800E508DD /* HeaderView.swift in Sources */ = {isa = PBXBuildFile; fileRef = 735EC40429D4CB6800E508DD /* HeaderView.swift */; };
		735EC40729D526EF00E508DD /* ProfileView.swift in Sources */ = {isa = PBXBuildFile; fileRef = 735EC40629D526EF00E508DD /* ProfileView.swift */; };
		9807F56229FB1C8700F3B53C /* NotificationManager.swift in Sources */ = {isa = PBXBuildFile; fileRef = 9807F56129FB1C8700F3B53C /* NotificationManager.swift */; };
		D12F63A229F888D20028427D /* SettingsView.swift in Sources */ = {isa = PBXBuildFile; fileRef = D12F63A129F888D20028427D /* SettingsView.swift */; };
		D1ADF7B129EA00E200676115 /* Model.swift in Sources */ = {isa = PBXBuildFile; fileRef = D1ADF7B029EA00E200676115 /* Model.swift */; };
		D1ADF7B529EA04E700676115 /* HealthKitManager.swift in Sources */ = {isa = PBXBuildFile; fileRef = D1ADF7B429EA04E700676115 /* HealthKitManager.swift */; };
/* End PBXBuildFile section */

/* Begin PBXFileReference section */
		733C287729FB237300B803FA /* StoreView.swift */ = {isa = PBXFileReference; lastKnownFileType = sourcecode.swift; path = StoreView.swift; sourceTree = "<group>"; };
		735EC3F129D4AB7300E508DD /* Unity.app */ = {isa = PBXFileReference; explicitFileType = wrapper.application; includeInIndex = 0; path = Unity.app; sourceTree = BUILT_PRODUCTS_DIR; };
		735EC3F429D4AB7300E508DD /* UnityApp.swift */ = {isa = PBXFileReference; lastKnownFileType = sourcecode.swift; path = UnityApp.swift; sourceTree = "<group>"; };
		735EC3F629D4AB7300E508DD /* ContentView.swift */ = {isa = PBXFileReference; lastKnownFileType = sourcecode.swift; path = ContentView.swift; sourceTree = "<group>"; };
		735EC3F829D4AB7500E508DD /* Assets.xcassets */ = {isa = PBXFileReference; lastKnownFileType = folder.assetcatalog; path = Assets.xcassets; sourceTree = "<group>"; };
		735EC3FB29D4AB7500E508DD /* Preview Assets.xcassets */ = {isa = PBXFileReference; lastKnownFileType = folder.assetcatalog; path = "Preview Assets.xcassets"; sourceTree = "<group>"; };
		735EC40229D4CAEC00E508DD /* MapView.swift */ = {isa = PBXFileReference; lastKnownFileType = sourcecode.swift; path = MapView.swift; sourceTree = "<group>"; };
		735EC40429D4CB6800E508DD /* HeaderView.swift */ = {isa = PBXFileReference; lastKnownFileType = sourcecode.swift; path = HeaderView.swift; sourceTree = "<group>"; };
		735EC40629D526EF00E508DD /* ProfileView.swift */ = {isa = PBXFileReference; lastKnownFileType = sourcecode.swift; path = ProfileView.swift; sourceTree = "<group>"; };
		9807F56129FB1C8700F3B53C /* NotificationManager.swift */ = {isa = PBXFileReference; lastKnownFileType = sourcecode.swift; path = NotificationManager.swift; sourceTree = "<group>"; };
		D12F63A129F888D20028427D /* SettingsView.swift */ = {isa = PBXFileReference; lastKnownFileType = sourcecode.swift; path = SettingsView.swift; sourceTree = "<group>"; };
		D1ADF7B029EA00E200676115 /* Model.swift */ = {isa = PBXFileReference; lastKnownFileType = sourcecode.swift; path = Model.swift; sourceTree = "<group>"; };
		D1ADF7B229EA03C400676115 /* Unity.entitlements */ = {isa = PBXFileReference; lastKnownFileType = text.plist.entitlements; path = Unity.entitlements; sourceTree = "<group>"; };
		D1ADF7B329EA03FA00676115 /* Info.plist */ = {isa = PBXFileReference; lastKnownFileType = text.plist; path = Info.plist; sourceTree = "<group>"; };
		D1ADF7B429EA04E700676115 /* HealthKitManager.swift */ = {isa = PBXFileReference; lastKnownFileType = sourcecode.swift; path = HealthKitManager.swift; sourceTree = "<group>"; };
/* End PBXFileReference section */

/* Begin PBXFrameworksBuildPhase section */
		735EC3EE29D4AB7300E508DD /* Frameworks */ = {
			isa = PBXFrameworksBuildPhase;
			buildActionMask = 2147483647;
			files = (
			);
			runOnlyForDeploymentPostprocessing = 0;
		};
/* End PBXFrameworksBuildPhase section */

/* Begin PBXGroup section */
		735EC3E829D4AB7300E508DD = {
			isa = PBXGroup;
			children = (
				735EC3F329D4AB7300E508DD /* Unity */,
				735EC3F229D4AB7300E508DD /* Products */,
			);
			sourceTree = "<group>";
		};
		735EC3F229D4AB7300E508DD /* Products */ = {
			isa = PBXGroup;
			children = (
				735EC3F129D4AB7300E508DD /* Unity.app */,
			);
			name = Products;
			sourceTree = "<group>";
		};
		735EC3F329D4AB7300E508DD /* Unity */ = {
			isa = PBXGroup;
			children = (
				D1ADF7B329EA03FA00676115 /* Info.plist */,
				D1ADF7B229EA03C400676115 /* Unity.entitlements */,
				735EC3F429D4AB7300E508DD /* UnityApp.swift */,
				735EC3F629D4AB7300E508DD /* ContentView.swift */,
				D12F63A129F888D20028427D /* SettingsView.swift */,
				735EC40229D4CAEC00E508DD /* MapView.swift */,
				735EC40429D4CB6800E508DD /* HeaderView.swift */,
				735EC3F829D4AB7500E508DD /* Assets.xcassets */,
				735EC3FA29D4AB7500E508DD /* Preview Content */,
				735EC40629D526EF00E508DD /* ProfileView.swift */,
				D1ADF7B029EA00E200676115 /* Model.swift */,
				D1ADF7B429EA04E700676115 /* HealthKitManager.swift */,
				9807F56129FB1C8700F3B53C /* NotificationManager.swift */,
				733C287729FB237300B803FA /* StoreView.swift */,
			);
			path = Unity;
			sourceTree = "<group>";
		};
		735EC3FA29D4AB7500E508DD /* Preview Content */ = {
			isa = PBXGroup;
			children = (
				735EC3FB29D4AB7500E508DD /* Preview Assets.xcassets */,
			);
			path = "Preview Content";
			sourceTree = "<group>";
		};
/* End PBXGroup section */

/* Begin PBXNativeTarget section */
		735EC3F029D4AB7300E508DD /* Unity */ = {
			isa = PBXNativeTarget;
			buildConfigurationList = 735EC3FF29D4AB7500E508DD /* Build configuration list for PBXNativeTarget "Unity" */;
			buildPhases = (
				735EC3ED29D4AB7300E508DD /* Sources */,
				735EC3EE29D4AB7300E508DD /* Frameworks */,
				735EC3EF29D4AB7300E508DD /* Resources */,
			);
			buildRules = (
			);
			dependencies = (
			);
			name = Unity;
			productName = Unity;
			productReference = 735EC3F129D4AB7300E508DD /* Unity.app */;
			productType = "com.apple.product-type.application";
		};
/* End PBXNativeTarget section */

/* Begin PBXProject section */
		735EC3E929D4AB7300E508DD /* Project object */ = {
			isa = PBXProject;
			attributes = {
				BuildIndependentTargetsInParallel = 1;
				LastSwiftUpdateCheck = 1420;
				LastUpgradeCheck = 1420;
				TargetAttributes = {
					735EC3F029D4AB7300E508DD = {
						CreatedOnToolsVersion = 14.2;
					};
				};
			};
			buildConfigurationList = 735EC3EC29D4AB7300E508DD /* Build configuration list for PBXProject "Unity" */;
			compatibilityVersion = "Xcode 14.0";
			developmentRegion = en;
			hasScannedForEncodings = 0;
			knownRegions = (
				en,
				Base,
			);
			mainGroup = 735EC3E829D4AB7300E508DD;
			productRefGroup = 735EC3F229D4AB7300E508DD /* Products */;
			projectDirPath = "";
			projectRoot = "";
			targets = (
				735EC3F029D4AB7300E508DD /* Unity */,
			);
		};
/* End PBXProject section */

/* Begin PBXResourcesBuildPhase section */
		735EC3EF29D4AB7300E508DD /* Resources */ = {
			isa = PBXResourcesBuildPhase;
			buildActionMask = 2147483647;
			files = (
				735EC3FC29D4AB7500E508DD /* Preview Assets.xcassets in Resources */,
				735EC3F929D4AB7500E508DD /* Assets.xcassets in Resources */,
			);
			runOnlyForDeploymentPostprocessing = 0;
		};
/* End PBXResourcesBuildPhase section */

/* Begin PBXSourcesBuildPhase section */
		735EC3ED29D4AB7300E508DD /* Sources */ = {
			isa = PBXSourcesBuildPhase;
			buildActionMask = 2147483647;
			files = (
				735EC3F729D4AB7300E508DD /* ContentView.swift in Sources */,
				D12F63A229F888D20028427D /* SettingsView.swift in Sources */,
				735EC40329D4CAEC00E508DD /* MapView.swift in Sources */,
				9807F56229FB1C8700F3B53C /* NotificationManager.swift in Sources */,
				735EC40729D526EF00E508DD /* ProfileView.swift in Sources */,
				D1ADF7B129EA00E200676115 /* Model.swift in Sources */,
				735EC3F529D4AB7300E508DD /* UnityApp.swift in Sources */,
				D1ADF7B529EA04E700676115 /* HealthKitManager.swift in Sources */,
				733C287829FB237300B803FA /* StoreView.swift in Sources */,
				735EC40529D4CB6800E508DD /* HeaderView.swift in Sources */,
			);
			runOnlyForDeploymentPostprocessing = 0;
		};
/* End PBXSourcesBuildPhase section */

/* Begin XCBuildConfiguration section */
		735EC3FD29D4AB7500E508DD /* Debug */ = {
			isa = XCBuildConfiguration;
			buildSettings = {
				ALWAYS_SEARCH_USER_PATHS = NO;
				CLANG_ANALYZER_NONNULL = YES;
				CLANG_ANALYZER_NUMBER_OBJECT_CONVERSION = YES_AGGRESSIVE;
				CLANG_CXX_LANGUAGE_STANDARD = "gnu++20";
				CLANG_ENABLE_MODULES = YES;
				CLANG_ENABLE_OBJC_ARC = YES;
				CLANG_ENABLE_OBJC_WEAK = YES;
				CLANG_WARN_BLOCK_CAPTURE_AUTORELEASING = YES;
				CLANG_WARN_BOOL_CONVERSION = YES;
				CLANG_WARN_COMMA = YES;
				CLANG_WARN_CONSTANT_CONVERSION = YES;
				CLANG_WARN_DEPRECATED_OBJC_IMPLEMENTATIONS = YES;
				CLANG_WARN_DIRECT_OBJC_ISA_USAGE = YES_ERROR;
				CLANG_WARN_DOCUMENTATION_COMMENTS = YES;
				CLANG_WARN_EMPTY_BODY = YES;
				CLANG_WARN_ENUM_CONVERSION = YES;
				CLANG_WARN_INFINITE_RECURSION = YES;
				CLANG_WARN_INT_CONVERSION = YES;
				CLANG_WARN_NON_LITERAL_NULL_CONVERSION = YES;
				CLANG_WARN_OBJC_IMPLICIT_RETAIN_SELF = YES;
				CLANG_WARN_OBJC_LITERAL_CONVERSION = YES;
				CLANG_WARN_OBJC_ROOT_CLASS = YES_ERROR;
				CLANG_WARN_QUOTED_INCLUDE_IN_FRAMEWORK_HEADER = YES;
				CLANG_WARN_RANGE_LOOP_ANALYSIS = YES;
				CLANG_WARN_STRICT_PROTOTYPES = YES;
				CLANG_WARN_SUSPICIOUS_MOVE = YES;
				CLANG_WARN_UNGUARDED_AVAILABILITY = YES_AGGRESSIVE;
				CLANG_WARN_UNREACHABLE_CODE = YES;
				CLANG_WARN__DUPLICATE_METHOD_MATCH = YES;
				COPY_PHASE_STRIP = NO;
				DEBUG_INFORMATION_FORMAT = dwarf;
				ENABLE_STRICT_OBJC_MSGSEND = YES;
				ENABLE_TESTABILITY = YES;
				GCC_C_LANGUAGE_STANDARD = gnu11;
				GCC_DYNAMIC_NO_PIC = NO;
				GCC_NO_COMMON_BLOCKS = YES;
				GCC_OPTIMIZATION_LEVEL = 0;
				GCC_PREPROCESSOR_DEFINITIONS = (
					"DEBUG=1",
					"$(inherited)",
				);
				GCC_WARN_64_TO_32_BIT_CONVERSION = YES;
				GCC_WARN_ABOUT_RETURN_TYPE = YES_ERROR;
				GCC_WARN_UNDECLARED_SELECTOR = YES;
				GCC_WARN_UNINITIALIZED_AUTOS = YES_AGGRESSIVE;
				GCC_WARN_UNUSED_FUNCTION = YES;
				GCC_WARN_UNUSED_VARIABLE = YES;
				IPHONEOS_DEPLOYMENT_TARGET = 16.2;
				MTL_ENABLE_DEBUG_INFO = INCLUDE_SOURCE;
				MTL_FAST_MATH = YES;
				ONLY_ACTIVE_ARCH = YES;
				SDKROOT = iphoneos;
				SWIFT_ACTIVE_COMPILATION_CONDITIONS = DEBUG;
				SWIFT_OPTIMIZATION_LEVEL = "-Onone";
			};
			name = Debug;
		};
		735EC3FE29D4AB7500E508DD /* Release */ = {
			isa = XCBuildConfiguration;
			buildSettings = {
				ALWAYS_SEARCH_USER_PATHS = NO;
				CLANG_ANALYZER_NONNULL = YES;
				CLANG_ANALYZER_NUMBER_OBJECT_CONVERSION = YES_AGGRESSIVE;
				CLANG_CXX_LANGUAGE_STANDARD = "gnu++20";
				CLANG_ENABLE_MODULES = YES;
				CLANG_ENABLE_OBJC_ARC = YES;
				CLANG_ENABLE_OBJC_WEAK = YES;
				CLANG_WARN_BLOCK_CAPTURE_AUTORELEASING = YES;
				CLANG_WARN_BOOL_CONVERSION = YES;
				CLANG_WARN_COMMA = YES;
				CLANG_WARN_CONSTANT_CONVERSION = YES;
				CLANG_WARN_DEPRECATED_OBJC_IMPLEMENTATIONS = YES;
				CLANG_WARN_DIRECT_OBJC_ISA_USAGE = YES_ERROR;
				CLANG_WARN_DOCUMENTATION_COMMENTS = YES;
				CLANG_WARN_EMPTY_BODY = YES;
				CLANG_WARN_ENUM_CONVERSION = YES;
				CLANG_WARN_INFINITE_RECURSION = YES;
				CLANG_WARN_INT_CONVERSION = YES;
				CLANG_WARN_NON_LITERAL_NULL_CONVERSION = YES;
				CLANG_WARN_OBJC_IMPLICIT_RETAIN_SELF = YES;
				CLANG_WARN_OBJC_LITERAL_CONVERSION = YES;
				CLANG_WARN_OBJC_ROOT_CLASS = YES_ERROR;
				CLANG_WARN_QUOTED_INCLUDE_IN_FRAMEWORK_HEADER = YES;
				CLANG_WARN_RANGE_LOOP_ANALYSIS = YES;
				CLANG_WARN_STRICT_PROTOTYPES = YES;
				CLANG_WARN_SUSPICIOUS_MOVE = YES;
				CLANG_WARN_UNGUARDED_AVAILABILITY = YES_AGGRESSIVE;
				CLANG_WARN_UNREACHABLE_CODE = YES;
				CLANG_WARN__DUPLICATE_METHOD_MATCH = YES;
				COPY_PHASE_STRIP = NO;
				DEBUG_INFORMATION_FORMAT = "dwarf-with-dsym";
				ENABLE_NS_ASSERTIONS = NO;
				ENABLE_STRICT_OBJC_MSGSEND = YES;
				GCC_C_LANGUAGE_STANDARD = gnu11;
				GCC_NO_COMMON_BLOCKS = YES;
				GCC_WARN_64_TO_32_BIT_CONVERSION = YES;
				GCC_WARN_ABOUT_RETURN_TYPE = YES_ERROR;
				GCC_WARN_UNDECLARED_SELECTOR = YES;
				GCC_WARN_UNINITIALIZED_AUTOS = YES_AGGRESSIVE;
				GCC_WARN_UNUSED_FUNCTION = YES;
				GCC_WARN_UNUSED_VARIABLE = YES;
				IPHONEOS_DEPLOYMENT_TARGET = 16.2;
				MTL_ENABLE_DEBUG_INFO = NO;
				MTL_FAST_MATH = YES;
				SDKROOT = iphoneos;
				SWIFT_COMPILATION_MODE = wholemodule;
				SWIFT_OPTIMIZATION_LEVEL = "-O";
				VALIDATE_PRODUCT = YES;
			};
			name = Release;
		};
		735EC40029D4AB7500E508DD /* Debug */ = {
			isa = XCBuildConfiguration;
			buildSettings = {
				ASSETCATALOG_COMPILER_APPICON_NAME = AppIcon;
				ASSETCATALOG_COMPILER_GLOBAL_ACCENT_COLOR_NAME = AccentColor;
				CODE_SIGN_ENTITLEMENTS = Unity/Unity.entitlements;
				CODE_SIGN_STYLE = Automatic;
				CURRENT_PROJECT_VERSION = 1;
				DEVELOPMENT_ASSET_PATHS = "\"Unity/Preview Content\"";
				DEVELOPMENT_TEAM = "";
				ENABLE_PREVIEWS = YES;
				GENERATE_INFOPLIST_FILE = YES;
				INFOPLIST_FILE = Unity/Info.plist;
				INFOPLIST_KEY_NSHealthShareUsageDescription = "We need this to get your step count.";
				INFOPLIST_KEY_NSHealthUpdateUsageDescription = "We need this to get your step count.";
				INFOPLIST_KEY_NSLocationWhenInUseUsageDescription = "We need to know where you are :)";
				INFOPLIST_KEY_UIApplicationSceneManifest_Generation = YES;
				INFOPLIST_KEY_UIApplicationSupportsIndirectInputEvents = YES;
				INFOPLIST_KEY_UILaunchScreen_Generation = YES;
				INFOPLIST_KEY_UISupportedInterfaceOrientations_iPad = "UIInterfaceOrientationPortrait UIInterfaceOrientationPortraitUpsideDown UIInterfaceOrientationLandscapeLeft UIInterfaceOrientationLandscapeRight";
				INFOPLIST_KEY_UISupportedInterfaceOrientations_iPhone = "UIInterfaceOrientationPortrait UIInterfaceOrientationLandscapeLeft UIInterfaceOrientationLandscapeRight";
				LD_RUNPATH_SEARCH_PATHS = (
					"$(inherited)",
					"@executable_path/Frameworks",
				);
				MARKETING_VERSION = 1.0;
				PRODUCT_BUNDLE_IDENTIFIER = samadrn.Unity;
				PRODUCT_NAME = "$(TARGET_NAME)";
				SWIFT_EMIT_LOC_STRINGS = YES;
				SWIFT_VERSION = 5.0;
				TARGETED_DEVICE_FAMILY = "1,2";
			};
			name = Debug;
		};
		735EC40129D4AB7500E508DD /* Release */ = {
			isa = XCBuildConfiguration;
			buildSettings = {
				ASSETCATALOG_COMPILER_APPICON_NAME = AppIcon;
				ASSETCATALOG_COMPILER_GLOBAL_ACCENT_COLOR_NAME = AccentColor;
				CODE_SIGN_ENTITLEMENTS = Unity/Unity.entitlements;
				CODE_SIGN_STYLE = Automatic;
				CURRENT_PROJECT_VERSION = 1;
				DEVELOPMENT_ASSET_PATHS = "\"Unity/Preview Content\"";
				DEVELOPMENT_TEAM = "";
				ENABLE_PREVIEWS = YES;
				GENERATE_INFOPLIST_FILE = YES;
				INFOPLIST_FILE = Unity/Info.plist;
				INFOPLIST_KEY_NSHealthShareUsageDescription = "We need this to get your step count.";
				INFOPLIST_KEY_NSHealthUpdateUsageDescription = "We need this to get your step count.";
				INFOPLIST_KEY_NSLocationWhenInUseUsageDescription = "We need to know where you are :)";
				INFOPLIST_KEY_UIApplicationSceneManifest_Generation = YES;
				INFOPLIST_KEY_UIApplicationSupportsIndirectInputEvents = YES;
				INFOPLIST_KEY_UILaunchScreen_Generation = YES;
				INFOPLIST_KEY_UISupportedInterfaceOrientations_iPad = "UIInterfaceOrientationPortrait UIInterfaceOrientationPortraitUpsideDown UIInterfaceOrientationLandscapeLeft UIInterfaceOrientationLandscapeRight";
				INFOPLIST_KEY_UISupportedInterfaceOrientations_iPhone = "UIInterfaceOrientationPortrait UIInterfaceOrientationLandscapeLeft UIInterfaceOrientationLandscapeRight";
				LD_RUNPATH_SEARCH_PATHS = (
					"$(inherited)",
					"@executable_path/Frameworks",
				);
				MARKETING_VERSION = 1.0;
				PRODUCT_BUNDLE_IDENTIFIER = samadrn.Unity;
				PRODUCT_NAME = "$(TARGET_NAME)";
				SWIFT_EMIT_LOC_STRINGS = YES;
				SWIFT_VERSION = 5.0;
				TARGETED_DEVICE_FAMILY = "1,2";
			};
			name = Release;
		};
/* End XCBuildConfiguration section */

/* Begin XCConfigurationList section */
		735EC3EC29D4AB7300E508DD /* Build configuration list for PBXProject "Unity" */ = {
			isa = XCConfigurationList;
			buildConfigurations = (
				735EC3FD29D4AB7500E508DD /* Debug */,
				735EC3FE29D4AB7500E508DD /* Release */,
			);
			defaultConfigurationIsVisible = 0;
			defaultConfigurationName = Release;
		};
		735EC3FF29D4AB7500E508DD /* Build configuration list for PBXNativeTarget "Unity" */ = {
			isa = XCConfigurationList;
			buildConfigurations = (
				735EC40029D4AB7500E508DD /* Debug */,
				735EC40129D4AB7500E508DD /* Release */,
			);
			defaultConfigurationIsVisible = 0;
			defaultConfigurationName = Release;
		};
/* End XCConfigurationList section */
	};
	rootObject = 735EC3E929D4AB7300E508DD /* Project object */;
}
